
Microsoft Visual Studio Solution File, Format Version 12.00
# Visual Studio 15
VisualStudioVersion = 15.0.27130.2036
MinimumVisualStudioVersion = 10.0.40219.1
Project("{9A19103F-16F7-4668-BE54-9A1E7A4F7556}") = "CookieFy", "CookieFy\CookieFy.csproj", "{452917AA-3DFC-4825-9E23-CB2D12A4DFAD}"
EndProject
Global
	GlobalSection(SolutionConfigurationPlatforms) = preSolution
		Debug|Any CPU = Debug|Any CPU
		Release|Any CPU = Release|Any CPU
	EndGlobalSection
	GlobalSection(ProjectConfigurationPlatforms) = postSolution
		{452917AA-3DFC-4825-9E23-CB2D12A4DFAD}.Debug|Any CPU.ActiveCfg = Debug|Any CPU
		{452917AA-3DFC-4825-9E23-CB2D12A4DFAD}.Debug|Any CPU.Build.0 = Debug|Any CPU
		{452917AA-3DFC-4825-9E23-CB2D12A4DFAD}.Release|Any CPU.ActiveCfg = Release|Any CPU
		{452917AA-3DFC-4825-9E23-CB2D12A4DFAD}.Release|Any CPU.Build.0 = Release|Any CPU
	EndGlobalSection
	GlobalSection(SolutionProperties) = preSolution
		HideSolutionNode = FALSE
	EndGlobalSection
	GlobalSection(ExtensibilityGlobals) = postSolution
		SolutionGuid = {4EDC6FF0-FC73-468D-83F3-25C43F55B2CE}
	EndGlobalSection
EndGlobal
